// !$*UTF8*$!
{
	archiveVersion = 1;
	classes = {
	};
	objectVersion = 50;
	objects = {

/* Begin PBXBuildFile section */
		3A259DA2261CBE8100123750 /* UserInfoViewController.swift in Sources */ = {isa = PBXBuildFile; fileRef = 3A259DA1261CBE8100123750 /* UserInfoViewController.swift */; };
		3A40BFB12613628F0027C5DA /* AppDelegate.swift in Sources */ = {isa = PBXBuildFile; fileRef = 3A40BFB02613628F0027C5DA /* AppDelegate.swift */; };
		3A40BFB32613628F0027C5DA /* SceneDelegate.swift in Sources */ = {isa = PBXBuildFile; fileRef = 3A40BFB22613628F0027C5DA /* SceneDelegate.swift */; };
		3A40BFB52613628F0027C5DA /* LoginViewController.swift in Sources */ = {isa = PBXBuildFile; fileRef = 3A40BFB42613628F0027C5DA /* LoginViewController.swift */; };
		3A40BFB82613628F0027C5DA /* Main.storyboard in Resources */ = {isa = PBXBuildFile; fileRef = 3A40BFB62613628F0027C5DA /* Main.storyboard */; };
		3A40BFBA261362900027C5DA /* Assets.xcassets in Resources */ = {isa = PBXBuildFile; fileRef = 3A40BFB9261362900027C5DA /* Assets.xcassets */; };
		3A40BFBD261362900027C5DA /* LaunchScreen.storyboard in Resources */ = {isa = PBXBuildFile; fileRef = 3A40BFBB261362900027C5DA /* LaunchScreen.storyboard */; };
		3A443159261AECFE003D1A30 /* User.swift in Sources */ = {isa = PBXBuildFile; fileRef = 3A443158261AECFE003D1A30 /* User.swift */; };
		3A7949872614C0080033A095 /* WelcomeViewController.swift in Sources */ = {isa = PBXBuildFile; fileRef = 3A7949862614C0080033A095 /* WelcomeViewController.swift */; };
/* End PBXBuildFile section */

/* Begin PBXFileReference section */
		3A259DA1261CBE8100123750 /* UserInfoViewController.swift */ = {isa = PBXFileReference; lastKnownFileType = sourcecode.swift; path = UserInfoViewController.swift; sourceTree = "<group>"; };
		3A40BFAD2613628F0027C5DA /* CheckIn.app */ = {isa = PBXFileReference; explicitFileType = wrapper.application; includeInIndex = 0; path = CheckIn.app; sourceTree = BUILT_PRODUCTS_DIR; };
		3A40BFB02613628F0027C5DA /* AppDelegate.swift */ = {isa = PBXFileReference; lastKnownFileType = sourcecode.swift; path = AppDelegate.swift; sourceTree = "<group>"; };
		3A40BFB22613628F0027C5DA /* SceneDelegate.swift */ = {isa = PBXFileReference; lastKnownFileType = sourcecode.swift; path = SceneDelegate.swift; sourceTree = "<group>"; };
		3A40BFB42613628F0027C5DA /* LoginViewController.swift */ = {isa = PBXFileReference; lastKnownFileType = sourcecode.swift; path = LoginViewController.swift; sourceTree = "<group>"; };
		3A40BFB72613628F0027C5DA /* Base */ = {isa = PBXFileReference; lastKnownFileType = file.storyboard; name = Base; path = Base.lproj/Main.storyboard; sourceTree = "<group>"; };
		3A40BFB9261362900027C5DA /* Assets.xcassets */ = {isa = PBXFileReference; lastKnownFileType = folder.assetcatalog; path = Assets.xcassets; sourceTree = "<group>"; };
		3A40BFBC261362900027C5DA /* Base */ = {isa = PBXFileReference; lastKnownFileType = file.storyboard; name = Base; path = Base.lproj/LaunchScreen.storyboard; sourceTree = "<group>"; };
		3A40BFBE261362900027C5DA /* Info.plist */ = {isa = PBXFileReference; lastKnownFileType = text.plist.xml; path = Info.plist; sourceTree = "<group>"; };
		3A443158261AECFE003D1A30 /* User.swift */ = {isa = PBXFileReference; lastKnownFileType = sourcecode.swift; path = User.swift; sourceTree = "<group>"; };
		3A7949862614C0080033A095 /* WelcomeViewController.swift */ = {isa = PBXFileReference; lastKnownFileType = sourcecode.swift; path = WelcomeViewController.swift; sourceTree = "<group>"; };
/* End PBXFileReference section */

/* Begin PBXFrameworksBuildPhase section */
		3A40BFAA2613628F0027C5DA /* Frameworks */ = {
			isa = PBXFrameworksBuildPhase;
			buildActionMask = 2147483647;
			files = (
			);
			runOnlyForDeploymentPostprocessing = 0;
		};
/* End PBXFrameworksBuildPhase section */

/* Begin PBXGroup section */
		3A40BFA42613628F0027C5DA = {
			isa = PBXGroup;
			children = (
				3A40BFAF2613628F0027C5DA /* CheckIn */,
				3A40BFAE2613628F0027C5DA /* Products */,
			);
			sourceTree = "<group>";
		};
		3A40BFAE2613628F0027C5DA /* Products */ = {
			isa = PBXGroup;
			children = (
				3A40BFAD2613628F0027C5DA /* CheckIn.app */,
			);
			name = Products;
			sourceTree = "<group>";
		};
		3A40BFAF2613628F0027C5DA /* CheckIn */ = {
			isa = PBXGroup;
			children = (
				3A44314E26198C3F003D1A30 /* ViewControllers */,
				3A44314926198B55003D1A30 /* Models */,
				3A44314A26198B6E003D1A30 /* Storyboards */,
				3A44314F26198C58003D1A30 /* Supporting */,
				3A44314D26198BF5003D1A30 /* Resources */,
			);
			path = CheckIn;
			sourceTree = "<group>";
		};
		3A44314926198B55003D1A30 /* Models */ = {
			isa = PBXGroup;
			children = (
				3A443158261AECFE003D1A30 /* User.swift */,
			);
			path = Models;
			sourceTree = "<group>";
		};
		3A44314A26198B6E003D1A30 /* Storyboards */ = {
			isa = PBXGroup;
			children = (
				3A40BFB62613628F0027C5DA /* Main.storyboard */,
				3A40BFBB261362900027C5DA /* LaunchScreen.storyboard */,
			);
			path = Storyboards;
			sourceTree = "<group>";
		};
		3A44314D26198BF5003D1A30 /* Resources */ = {
			isa = PBXGroup;
			children = (
				3A40BFB9261362900027C5DA /* Assets.xcassets */,
			);
			path = Resources;
			sourceTree = "<group>";
		};
		3A44314E26198C3F003D1A30 /* ViewControllers */ = {
			isa = PBXGroup;
			children = (
				3A7949862614C0080033A095 /* WelcomeViewController.swift */,
				3A40BFB42613628F0027C5DA /* LoginViewController.swift */,
				3A259DA1261CBE8100123750 /* UserInfoViewController.swift */,
			);
			path = ViewControllers;
			sourceTree = "<group>";
		};
		3A44314F26198C58003D1A30 /* Supporting */ = {
			isa = PBXGroup;
			children = (
				3A40BFB02613628F0027C5DA /* AppDelegate.swift */,
				3A40BFB22613628F0027C5DA /* SceneDelegate.swift */,
				3A40BFBE261362900027C5DA /* Info.plist */,
			);
			path = Supporting;
			sourceTree = "<group>";
		};
/* End PBXGroup section */

/* Begin PBXNativeTarget section */
		3A40BFAC2613628F0027C5DA /* CheckIn */ = {
			isa = PBXNativeTarget;
			buildConfigurationList = 3A40BFC1261362900027C5DA /* Build configuration list for PBXNativeTarget "CheckIn" */;
			buildPhases = (
				3A40BFA92613628F0027C5DA /* Sources */,
				3A40BFAA2613628F0027C5DA /* Frameworks */,
				3A40BFAB2613628F0027C5DA /* Resources */,
			);
			buildRules = (
			);
			dependencies = (
			);
			name = CheckIn;
			productName = CheckIn;
			productReference = 3A40BFAD2613628F0027C5DA /* CheckIn.app */;
			productType = "com.apple.product-type.application";
		};
/* End PBXNativeTarget section */

/* Begin PBXProject section */
		3A40BFA52613628F0027C5DA /* Project object */ = {
			isa = PBXProject;
			attributes = {
				LastSwiftUpdateCheck = 1240;
				LastUpgradeCheck = 1240;
				TargetAttributes = {
					3A40BFAC2613628F0027C5DA = {
						CreatedOnToolsVersion = 12.4;
					};
				};
			};
			buildConfigurationList = 3A40BFA82613628F0027C5DA /* Build configuration list for PBXProject "CheckIn" */;
			compatibilityVersion = "Xcode 9.3";
			developmentRegion = en;
			hasScannedForEncodings = 0;
			knownRegions = (
				en,
				Base,
			);
			mainGroup = 3A40BFA42613628F0027C5DA;
			productRefGroup = 3A40BFAE2613628F0027C5DA /* Products */;
			projectDirPath = "";
			projectRoot = "";
			targets = (
				3A40BFAC2613628F0027C5DA /* CheckIn */,
			);
		};
/* End PBXProject section */

/* Begin PBXResourcesBuildPhase section */
		3A40BFAB2613628F0027C5DA /* Resources */ = {
			isa = PBXResourcesBuildPhase;
			buildActionMask = 2147483647;
			files = (
				3A40BFBD261362900027C5DA /* LaunchScreen.storyboard in Resources */,
				3A40BFBA261362900027C5DA /* Assets.xcassets in Resources */,
				3A40BFB82613628F0027C5DA /* Main.storyboard in Resources */,
			);
			runOnlyForDeploymentPostprocessing = 0;
		};
/* End PBXResourcesBuildPhase section */

/* Begin PBXSourcesBuildPhase section */
		3A40BFA92613628F0027C5DA /* Sources */ = {
			isa = PBXSourcesBuildPhase;
			buildActionMask = 2147483647;
			files = (
				3A40BFB52613628F0027C5DA /* LoginViewController.swift in Sources */,
				3A259DA2261CBE8100123750 /* UserInfoViewController.swift in Sources */,
				3A7949872614C0080033A095 /* WelcomeViewController.swift in Sources */,
				3A40BFB12613628F0027C5DA /* AppDelegate.swift in Sources */,
				3A443159261AECFE003D1A30 /* User.swift in Sources */,
				3A40BFB32613628F0027C5DA /* SceneDelegate.swift in Sources */,
			);
			runOnlyForDeploymentPostprocessing = 0;
		};
/* End PBXSourcesBuildPhase section */

/* Begin PBXVariantGroup section */
		3A40BFB62613628F0027C5DA /* Main.storyboard */ = {
			isa = PBXVariantGroup;
			children = (
				3A40BFB72613628F0027C5DA /* Base */,
			);
			name = Main.storyboard;
			sourceTree = "<group>";
		};
		3A40BFBB261362900027C5DA /* LaunchScreen.storyboard */ = {
			isa = PBXVariantGroup;
			children = (
				3A40BFBC261362900027C5DA /* Base */,
			);
			name = LaunchScreen.storyboard;
			sourceTree = "<group>";
		};
/* End PBXVariantGroup section */

/* Begin XCBuildConfiguration section */
		3A40BFBF261362900027C5DA /* Debug */ = {
			isa = XCBuildConfiguration;
			buildSettings = {
				ALWAYS_SEARCH_USER_PATHS = NO;
				CLANG_ANALYZER_NONNULL = YES;
				CLANG_ANALYZER_NUMBER_OBJECT_CONVERSION = YES_AGGRESSIVE;
				CLANG_CXX_LANGUAGE_STANDARD = "gnu++14";
				CLANG_CXX_LIBRARY = "libc++";
				CLANG_ENABLE_MODULES = YES;
				CLANG_ENABLE_OBJC_ARC = YES;
				CLANG_ENABLE_OBJC_WEAK = YES;
				CLANG_WARN_BLOCK_CAPTURE_AUTORELEASING = YES;
				CLANG_WARN_BOOL_CONVERSION = YES;
				CLANG_WARN_COMMA = YES;
				CLANG_WARN_CONSTANT_CONVERSION = YES;
				CLANG_WARN_DEPRECATED_OBJC_IMPLEMENTATIONS = YES;
				CLANG_WARN_DIRECT_OBJC_ISA_USAGE = YES_ERROR;
				CLANG_WARN_DOCUMENTATION_COMMENTS = YES;
				CLANG_WARN_EMPTY_BODY = YES;
				CLANG_WARN_ENUM_CONVERSION = YES;
				CLANG_WARN_INFINITE_RECURSION = YES;
				CLANG_WARN_INT_CONVERSION = YES;
				CLANG_WARN_NON_LITERAL_NULL_CONVERSION = YES;
				CLANG_WARN_OBJC_IMPLICIT_RETAIN_SELF = YES;
				CLANG_WARN_OBJC_LITERAL_CONVERSION = YES;
				CLANG_WARN_OBJC_ROOT_CLASS = YES_ERROR;
				CLANG_WARN_QUOTED_INCLUDE_IN_FRAMEWORK_HEADER = YES;
				CLANG_WARN_RANGE_LOOP_ANALYSIS = YES;
				CLANG_WARN_STRICT_PROTOTYPES = YES;
				CLANG_WARN_SUSPICIOUS_MOVE = YES;
				CLANG_WARN_UNGUARDED_AVAILABILITY = YES_AGGRESSIVE;
				CLANG_WARN_UNREACHABLE_CODE = YES;
				CLANG_WARN__DUPLICATE_METHOD_MATCH = YES;
				COPY_PHASE_STRIP = NO;
				DEBUG_INFORMATION_FORMAT = dwarf;
				ENABLE_STRICT_OBJC_MSGSEND = YES;
				ENABLE_TESTABILITY = YES;
				GCC_C_LANGUAGE_STANDARD = gnu11;
				GCC_DYNAMIC_NO_PIC = NO;
				GCC_NO_COMMON_BLOCKS = YES;
				GCC_OPTIMIZATION_LEVEL = 0;
				GCC_PREPROCESSOR_DEFINITIONS = (
					"DEBUG=1",
					"$(inherited)",
				);
				GCC_WARN_64_TO_32_BIT_CONVERSION = YES;
				GCC_WARN_ABOUT_RETURN_TYPE = YES_ERROR;
				GCC_WARN_UNDECLARED_SELECTOR = YES;
				GCC_WARN_UNINITIALIZED_AUTOS = YES_AGGRESSIVE;
				GCC_WARN_UNUSED_FUNCTION = YES;
				GCC_WARN_UNUSED_VARIABLE = YES;
				IPHONEOS_DEPLOYMENT_TARGET = 14.4;
				MTL_ENABLE_DEBUG_INFO = INCLUDE_SOURCE;
				MTL_FAST_MATH = YES;
				ONLY_ACTIVE_ARCH = YES;
				SDKROOT = iphoneos;
				SWIFT_ACTIVE_COMPILATION_CONDITIONS = DEBUG;
				SWIFT_OPTIMIZATION_LEVEL = "-Onone";
			};
			name = Debug;
		};
		3A40BFC0261362900027C5DA /* Release */ = {
			isa = XCBuildConfiguration;
			buildSettings = {
				ALWAYS_SEARCH_USER_PATHS = NO;
				CLANG_ANALYZER_NONNULL = YES;
				CLANG_ANALYZER_NUMBER_OBJECT_CONVERSION = YES_AGGRESSIVE;
				CLANG_CXX_LANGUAGE_STANDARD = "gnu++14";
				CLANG_CXX_LIBRARY = "libc++";
				CLANG_ENABLE_MODULES = YES;
				CLANG_ENABLE_OBJC_ARC = YES;
				CLANG_ENABLE_OBJC_WEAK = YES;
				CLANG_WARN_BLOCK_CAPTURE_AUTORELEASING = YES;
				CLANG_WARN_BOOL_CONVERSION = YES;
				CLANG_WARN_COMMA = YES;
				CLANG_WARN_CONSTANT_CONVERSION = YES;
				CLANG_WARN_DEPRECATED_OBJC_IMPLEMENTATIONS = YES;
				CLANG_WARN_DIRECT_OBJC_ISA_USAGE = YES_ERROR;
				CLANG_WARN_DOCUMENTATION_COMMENTS = YES;
				CLANG_WARN_EMPTY_BODY = YES;
				CLANG_WARN_ENUM_CONVERSION = YES;
				CLANG_WARN_INFINITE_RECURSION = YES;
				CLANG_WARN_INT_CONVERSION = YES;
				CLANG_WARN_NON_LITERAL_NULL_CONVERSION = YES;
				CLANG_WARN_OBJC_IMPLICIT_RETAIN_SELF = YES;
				CLANG_WARN_OBJC_LITERAL_CONVERSION = YES;
				CLANG_WARN_OBJC_ROOT_CLASS = YES_ERROR;
				CLANG_WARN_QUOTED_INCLUDE_IN_FRAMEWORK_HEADER = YES;
				CLANG_WARN_RANGE_LOOP_ANALYSIS = YES;
				CLANG_WARN_STRICT_PROTOTYPES = YES;
				CLANG_WARN_SUSPICIOUS_MOVE = YES;
				CLANG_WARN_UNGUARDED_AVAILABILITY = YES_AGGRESSIVE;
				CLANG_WARN_UNREACHABLE_CODE = YES;
				CLANG_WARN__DUPLICATE_METHOD_MATCH = YES;
				COPY_PHASE_STRIP = NO;
				DEBUG_INFORMATION_FORMAT = "dwarf-with-dsym";
				ENABLE_NS_ASSERTIONS = NO;
				ENABLE_STRICT_OBJC_MSGSEND = YES;
				GCC_C_LANGUAGE_STANDARD = gnu11;
				GCC_NO_COMMON_BLOCKS = YES;
				GCC_WARN_64_TO_32_BIT_CONVERSION = YES;
				GCC_WARN_ABOUT_RETURN_TYPE = YES_ERROR;
				GCC_WARN_UNDECLARED_SELECTOR = YES;
				GCC_WARN_UNINITIALIZED_AUTOS = YES_AGGRESSIVE;
				GCC_WARN_UNUSED_FUNCTION = YES;
				GCC_WARN_UNUSED_VARIABLE = YES;
				IPHONEOS_DEPLOYMENT_TARGET = 14.4;
				MTL_ENABLE_DEBUG_INFO = NO;
				MTL_FAST_MATH = YES;
				SDKROOT = iphoneos;
				SWIFT_COMPILATION_MODE = wholemodule;
				SWIFT_OPTIMIZATION_LEVEL = "-O";
				VALIDATE_PRODUCT = YES;
			};
			name = Release;
		};
		3A40BFC2261362900027C5DA /* Debug */ = {
			isa = XCBuildConfiguration;
			buildSettings = {
				ASSETCATALOG_COMPILER_APPICON_NAME = AppIcon;
				ASSETCATALOG_COMPILER_GLOBAL_ACCENT_COLOR_NAME = AccentColor;
				CODE_SIGN_STYLE = Automatic;
				DEVELOPMENT_TEAM = 3CVBHAQ7N4;
				INFOPLIST_FILE = CheckIn/Supporting/Info.plist;
				LD_RUNPATH_SEARCH_PATHS = (
					"$(inherited)",
					"@executable_path/Frameworks",
				);
				PRODUCT_BUNDLE_IDENTIFIER = "Fadeev-Anton.CheckIn";
				PRODUCT_NAME = "$(TARGET_NAME)";
				SWIFT_VERSION = 5.0;
				TARGETED_DEVICE_FAMILY = 1;
			};
			name = Debug;
		};
		3A40BFC3261362900027C5DA /* Release */ = {
			isa = XCBuildConfiguration;
			buildSettings = {
				ASSETCATALOG_COMPILER_APPICON_NAME = AppIcon;
				ASSETCATALOG_COMPILER_GLOBAL_ACCENT_COLOR_NAME = AccentColor;
				CODE_SIGN_STYLE = Automatic;
				DEVELOPMENT_TEAM = 3CVBHAQ7N4;
				INFOPLIST_FILE = CheckIn/Supporting/Info.plist;
				LD_RUNPATH_SEARCH_PATHS = (
					"$(inherited)",
					"@executable_path/Frameworks",
				);
				PRODUCT_BUNDLE_IDENTIFIER = "Fadeev-Anton.CheckIn";
				PRODUCT_NAME = "$(TARGET_NAME)";
				SWIFT_VERSION = 5.0;
				TARGETED_DEVICE_FAMILY = 1;
			};
			name = Release;
		};
/* End XCBuildConfiguration section */

/* Begin XCConfigurationList section */
		3A40BFA82613628F0027C5DA /* Build configuration list for PBXProject "CheckIn" */ = {
			isa = XCConfigurationList;
			buildConfigurations = (
				3A40BFBF261362900027C5DA /* Debug */,
				3A40BFC0261362900027C5DA /* Release */,
			);
			defaultConfigurationIsVisible = 0;
			defaultConfigurationName = Release;
		};
		3A40BFC1261362900027C5DA /* Build configuration list for PBXNativeTarget "CheckIn" */ = {
			isa = XCConfigurationList;
			buildConfigurations = (
				3A40BFC2261362900027C5DA /* Debug */,
				3A40BFC3261362900027C5DA /* Release */,
			);
			defaultConfigurationIsVisible = 0;
			defaultConfigurationName = Release;
		};
/* End XCConfigurationList section */
	};
	rootObject = 3A40BFA52613628F0027C5DA /* Project object */;
}
